Microsoft Visual Studio Solution File, Format Version 12.00
# Visual Studio Version 17
VisualStudioVersion = 17.5.2.0
MinimumVisualStudioVersion = 10.0.40219.1
Project("{FAE04EC0-301F-11D3-BF4B-00C04F79EFBC}") = "DeviceInventoryII", "DeviceInventoryII.csproj", "{F8E89069-60E2-8347-3FC5-F7A79CEB8F7D}"
EndProject
Global
	GlobalSection(SolutionConfigurationPlatforms) = preSolution
		Debug|Any CPU = Debug|Any CPU
		Release|Any CPU = Release|Any CPU
	EndGlobalSection
	GlobalSection(ProjectConfigurationPlatforms) = postSolution
		{F8E89069-60E2-8347-3FC5-F7A79CEB8F7D}.Debug|Any CPU.ActiveCfg = Debug|Any CPU
		{F8E89069-60E2-8347-3FC5-F7A79CEB8F7D}.Debug|Any CPU.Build.0 = Debug|Any CPU
		{F8E89069-60E2-8347-3FC5-F7A79CEB8F7D}.Release|Any CPU.ActiveCfg = Release|Any CPU
		{F8E89069-60E2-8347-3FC5-F7A79CEB8F7D}.Release|Any CPU.Build.0 = Release|Any CPU
	EndGlobalSection
	GlobalSection(SolutionProperties) = preSolution
		HideSolutionNode = FALSE
	EndGlobalSection
	GlobalSection(ExtensibilityGlobals) = postSolution
		SolutionGuid = {9A7E4CE2-25CF-43A8-A01F-1EEE32DEB51E}
	EndGlobalSection
EndGlobal
